{
  "name": "aiscatcher-shared",
  "version": "1.0.0",
  "lockfileVersion": 3,
  "requires": true,
  "packages": {
    "": {
      "name": "aiscatcher-shared",
      "version": "1.0.0",
      "devDependencies": {
        "happy-dom": "^20.11.6",
        "ol": "10.9.0"
      }
    },
    "node_modules/@petamoriken/float16": {
      "version": "3.9.3",
      "resolved": "https://registry.npmjs.org/@petamoriken/float16/-/float16-3.9.3.tgz",
      "integrity": "sha512-8awtpHXCx/bNpFt4mt2xdkgtgVvKqty8VbjHI/WWWQuEw+KLzFot3f4+LkQY9YmOtq7A5GdOnqoIC8Pdygjk2g==",
      "dev": true,
      "license": "MIT"
    },
    "node_modules/@types/node": {
      "version": "26.2.0",
      "resolved": "https://registry.npmjs.org/@types/node/-/node-26.2.0.tgz",
      "integrity": "sha512-5IviulTZeRNp2vAJ514cc/HUlY5nZ9fCbq9DMyC52BrhFZACo3nI0R7qBxhQmo/d27NFe96ur/b7Wwxklda+kg==",
      "dev": true,
      "license": "MIT",
      "dependencies": {
        "undici-types": "~8.3.0"
      }
    },
    "node_modules/@types/rbush": {
      "version": "4.0.0",
      "resolved": "https://registry.npmjs.org/@types/rbush/-/rbush-4.0.0.tgz",
      "integrity": "sha512-+N+2H39P8X+Hy1I5mC6awlTX54k3FhiUmvt7HWzGJZvF+syUAAxP/stwppS8JE84YHqFgRMv6fCy31202CMFxQ==",
      "dev": true,
      "license": "MIT"
    },
    "node_modules/@types/whatwg-mimetype": {
      "version": "3.0.2",
      "resolved": "https://registry.npmjs.org/@types/whatwg-mimetype/-/whatwg-mimetype-3.0.2.tgz",
      "integrity": "sha512-c2AKvDT8ToxLIOUlN51gTiHXflsfIFisS4pO7pDPoKouJCESkhZnEy623gwP9laCy5lnLDAw1vAzu2vM2YLOrA==",
      "dev": true,
      "license": "MIT"
    },
    "node_modules/@types/ws": {
      "version": "8.18.1",
      "resolved": "https://registry.npmjs.org/@types/ws/-/ws-8.18.1.tgz",
      "integrity": "sha512-ThVF6DCVhA8kUGy+aazFQ4kXQ7E1Ty7A3ypFOe0IcJV8O/M511G99AW24irKrW56Wt44yG9+ij8FaqoBGkuBXg==",
      "dev": true,
      "license": "MIT",
      "dependencies": {
        "@types/node": "*"
      }
    },
    "node_modules/@zarrita/storage": {
      "version": "0.2.0",
      "resolved": "https://registry.npmjs.org/@zarrita/storage/-/storage-0.2.0.tgz",
      "integrity": "sha512-855ZXqtnds7spnT8vNvD+MXa3QExP1m2GqShe8yt7uZXHnQLgJHgkpVwFjE1B0KDDRO0ki09hmk6OboTaIfPsQ==",
      "dev": true,
      "license": "MIT",
      "dependencies": {
        "reference-spec-reader": "^0.2.0",
        "unzipit": "2.0.0"
      }
    },
    "node_modules/buffer-image-size": {
      "version": "0.6.4",
      "resolved": "https://registry.npmjs.org/buffer-image-size/-/buffer-image-size-0.6.4.tgz",
      "integrity": "sha512-nEh+kZOPY1w+gcCMobZ6ETUp9WfibndnosbpwB1iJk/8Gt5ZF2bhS6+B6bPYz424KtwsR6Rflc3tCz1/ghX2dQ==",
      "dev": true,
      "license": "MIT",
      "dependencies": {
        "@types/node": "*"
      },
      "engines": {
        "node": ">=4.0"
      }
    },
    "node_modules/earcut": {
      "version": "3.0.2",
      "resolved": "https://registry.npmjs.org/earcut/-/earcut-3.0.2.tgz",
      "integrity": "sha512-X7hshQbLyMJ/3RPhyObLARM2sNxxmRALLKx1+NVFFnQ9gKzmCrxm9+uLIAdBcvc8FNLpctqlQ2V6AE92Ol9UDQ==",
      "dev": true,
      "license": "ISC"
    },
    "node_modules/entities": {
      "version": "7.0.1",
      "resolved": "https://registry.npmjs.org/entities/-/entities-7.0.1.tgz",
      "integrity": "sha512-TWrgLOFUQTH994YUyl1yT4uyavY5nNB5muff+RtWaqNVCAK408b5ZnnbNAUEWLTCpum9w6arT70i1XdQ4UeOPA==",
      "dev": true,
      "license": "BSD-2-Clause",
      "engines": {
        "node": ">=0.12"
      },
      "funding": {
        "url": "https://github.com/fb55/entities?sponsor=1"
      }
    },
    "node_modules/fflate": {
      "version": "0.8.2",
      "resolved": "https://registry.npmjs.org/fflate/-/fflate-0.8.2.tgz",
      "integrity": "sha512-cPJU47OaAoCbg0pBvzsgpTPhmhqI5eJjh/JIu8tPj5q+T7iLvW/JAYUqmE7KOB4R1ZyEhzBaIQpQpardBF5z8A==",
      "dev": true,
      "license": "MIT"
    },
    "node_modules/geotiff": {
      "version": "3.0.5",
      "resolved": "https://registry.npmjs.org/geotiff/-/geotiff-3.0.5.tgz",
      "integrity": "sha512-OWcL9S9+yDZ6iAlXMt32T1iwUApJM8UiD47xbm6ZP1h33d10fqkPs14EG/ttT5EnefpZSx3G15iDFC5FxUNUwA==",
      "dev": true,
      "license": "MIT",
      "dependencies": {
        "@petamoriken/float16": "^3.9.3",
        "lerc": "^3.0.0",
        "pako": "^2.0.4",
        "parse-headers": "^2.0.2",
        "quick-lru": "^6.1.1",
        "web-worker": "^1.5.0",
        "xml-utils": "^1.10.2",
        "zstddec": "^0.2.0"
      },
      "engines": {
        "node": ">=10.19"
      }
    },
    "node_modules/happy-dom": {
      "version": "20.11.6",
      "resolved": "https://registry.npmjs.org/happy-dom/-/happy-dom-20.11.6.tgz",
      "integrity": "sha512-Hldbg8AdAa5a5oDcZpjqnGitp7JB0hqWmfv/8qr+kft4vzSD8BHsbdRfzYvL/0QcbKcURC/yyoygbeDQarPvYg==",
      "dev": true,
      "license": "MIT",
      "dependencies": {
        "@types/node": ">=20.0.0",
        "@types/whatwg-mimetype": "^3.0.2",
        "@types/ws": "^8.18.1",
        "buffer-image-size": "^0.6.4",
        "entities": "^7.0.1",
        "whatwg-mimetype": "^3.0.0",
        "ws": "^8.21.0"
      },
      "engines": {
        "node": ">=20.0.0"
      }
    },
    "node_modules/lerc": {
      "version": "3.0.0",
      "resolved": "https://registry.npmjs.org/lerc/-/lerc-3.0.0.tgz",
      "integrity": "sha512-Rm4J/WaHhRa93nCN2mwWDZFoRVF18G1f47C+kvQWyHGEZxFpTUi73p7lMVSAndyxGt6lJ2/CFbOcf9ra5p8aww==",
      "dev": true,
      "license": "Apache-2.0"
    },
    "node_modules/numcodecs": {
      "version": "0.3.2",
      "resolved": "https://registry.npmjs.org/numcodecs/-/numcodecs-0.3.2.tgz",
      "integrity": "sha512-6YSPnmZgg0P87jnNhi3s+FVLOcIn3y+1CTIgUulA3IdASzK9fJM87sUFkpyA+be9GibGRaST2wCgkD+6U+fWKw==",
      "dev": true,
      "license": "MIT",
      "dependencies": {
        "fflate": "^0.8.0"
      }
    },
    "node_modules/ol": {
      "version": "10.9.0",
      "resolved": "https://registry.npmjs.org/ol/-/ol-10.9.0.tgz",
      "integrity": "sha512-svbbgVQUmEHaKpLQ8kRySojs59Brvgl2zYIrqG9eQNXGfsbi55rQasZIDpwpQzDL6OlzrUb0H4hQaiX9wDoGmA==",
      "dev": true,
      "license": "BSD-2-Clause",
      "dependencies": {
        "@types/rbush": "4.0.0",
        "earcut": "^3.0.0",
        "geotiff": "^3.0.5 || ^3.1.0-beta.0",
        "pbf": "4.0.1",
        "rbush": "^4.0.0",
        "zarrita": "^0.7.1"
      },
      "funding": {
        "type": "opencollective",
        "url": "https://opencollective.com/openlayers"
      }
    },
    "node_modules/pako": {
      "version": "2.1.0",
      "resolved": "https://registry.npmjs.org/pako/-/pako-2.1.0.tgz",
      "integrity": "sha512-w+eufiZ1WuJYgPXbV/PO3NCMEc3xqylkKHzp8bxp1uW4qaSNQUkwmLLEc3kKsfz8lpV1F8Ht3U1Cm+9Srog2ug==",
      "dev": true,
      "license": "(MIT AND Zlib)"
    },
    "node_modules/parse-headers": {
      "version": "2.0.6",
      "resolved": "https://registry.npmjs.org/parse-headers/-/parse-headers-2.0.6.tgz",
      "integrity": "sha512-Tz11t3uKztEW5FEVZnj1ox8GKblWn+PvHY9TmJV5Mll2uHEwRdR/5Li1OlXoECjLYkApdhWy44ocONwXLiKO5A==",
      "dev": true,
      "license": "MIT"
    },
    "node_modules/pbf": {
      "version": "4.0.1",
      "resolved": "https://registry.npmjs.org/pbf/-/pbf-4.0.1.tgz",
      "integrity": "sha512-SuLdBvS42z33m8ejRbInMapQe8n0D3vN/Xd5fmWM3tufNgRQFBpaW2YVJxQZV4iPNqb0vEFvssMEo5w9c6BTIA==",
      "dev": true,
      "license": "BSD-3-Clause",
      "dependencies": {
        "resolve-protobuf-schema": "^2.1.0"
      },
      "bin": {
        "pbf": "bin/pbf"
      }
    },
    "node_modules/protocol-buffers-schema": {
      "version": "3.6.1",
      "resolved": "https://registry.npmjs.org/protocol-buffers-schema/-/protocol-buffers-schema-3.6.1.tgz",
      "integrity": "sha512-VG2K63Igkiv9p76tk1lilczEK1cT+kCjKtkdhw1dQZV3k3IXJbd3o6Ho8b9zJZaHSnT2hKe4I+ObmX9w6m5SmQ==",
      "dev": true,
      "license": "MIT"
    },
    "node_modules/quick-lru": {
      "version": "6.1.2",
      "resolved": "https://registry.npmjs.org/quick-lru/-/quick-lru-6.1.2.tgz",
      "integrity": "sha512-AAFUA5O1d83pIHEhJwWCq/RQcRukCkn/NSm2QsTEMle5f2hP0ChI2+3Xb051PZCkLryI/Ir1MVKviT2FIloaTQ==",
      "dev": true,
      "license": "MIT",
      "engines": {
        "node": ">=12"
      },
      "funding": {
        "url": "https://github.com/sponsors/sindresorhus"
      }
    },
    "node_modules/quickselect": {
      "version": "3.0.0",
      "resolved": "https://registry.npmjs.org/quickselect/-/quickselect-3.0.0.tgz",
      "integrity": "sha512-XdjUArbK4Bm5fLLvlm5KpTFOiOThgfWWI4axAZDWg4E/0mKdZyI9tNEfds27qCi1ze/vwTR16kvmmGhRra3c2g==",
      "dev": true,
      "license": "ISC"
    },
    "node_modules/rbush": {
      "version": "4.0.1",
      "resolved": "https://registry.npmjs.org/rbush/-/rbush-4.0.1.tgz",
      "integrity": "sha512-IP0UpfeWQujYC8Jg162rMNc01Rf0gWMMAb2Uxus/Q0qOFw4lCcq6ZnQEZwUoJqWyUGJ9th7JjwI4yIWo+uvoAQ==",
      "dev": true,
      "license": "MIT",
      "dependencies": {
        "quickselect": "^3.0.0"
      }
    },
    "node_modules/reference-spec-reader": {
      "version": "0.2.0",
      "resolved": "https://registry.npmjs.org/reference-spec-reader/-/reference-spec-reader-0.2.0.tgz",
      "integrity": "sha512-q0mfCi5yZSSHXpCyxjgQeaORq3tvDsxDyzaadA/5+AbAUwRyRuuTh0aRQuE/vAOt/qzzxidJ5iDeu1cLHaNBlQ==",
      "dev": true,
      "license": "MIT"
    },
    "node_modules/resolve-protobuf-schema": {
      "version": "2.1.0",
      "resolved": "https://registry.npmjs.org/resolve-protobuf-schema/-/resolve-protobuf-schema-2.1.0.tgz",
      "integrity": "sha512-kI5ffTiZWmJaS/huM8wZfEMer1eRd7oJQhDuxeCLe3t7N7mX3z94CN0xPxBQxFYQTSNz9T0i+v6inKqSdK8xrQ==",
      "dev": true,
      "license": "MIT",
      "dependencies": {
        "protocol-buffers-schema": "^3.3.1"
      }
    },
    "node_modules/undici-types": {
      "version": "8.3.0",
      "resolved": "https://registry.npmjs.org/undici-types/-/undici-types-8.3.0.tgz",
      "integrity": "sha512-j375ScV60dom+YkPFIfTLcOiPxkN/buHz5GobjLhixFuANaNs3C9l4GmrWqejgXWJ7BbJcFYpTEUkS1Ge8bpZQ==",
      "dev": true,
      "license": "MIT"
    },
    "node_modules/unzipit": {
      "version": "2.0.0",
      "resolved": "https://registry.npmjs.org/unzipit/-/unzipit-2.0.0.tgz",
      "integrity": "sha512-DVeVIWUZCAQPNzm5sB0hpsG1GygTTdBnzNtYYEpInkttx5evkyqRgZi6rTczoySqp8hO5jHVKzrH0f23X8FZLg==",
      "dev": true,
      "license": "MIT",
      "engines": {
        "node": ">=18"
      }
    },
    "node_modules/web-worker": {
      "version": "1.5.0",
      "resolved": "https://registry.npmjs.org/web-worker/-/web-worker-1.5.0.tgz",
      "integrity": "sha512-RiMReJrTAiA+mBjGONMnjVDP2u3p9R1vkcGz6gDIrOMT3oGuYwX2WRMYI9ipkphSuE5XKEhydbhNEJh4NY9mlw==",
      "dev": true,
      "license": "Apache-2.0"
    },
    "node_modules/whatwg-mimetype": {
      "version": "3.0.0",
      "resolved": "https://registry.npmjs.org/whatwg-mimetype/-/whatwg-mimetype-3.0.0.tgz",
      "integrity": "sha512-nt+N2dzIutVRxARx1nghPKGv1xHikU7HKdfafKkLNLindmPU/ch3U31NOCGGA/dmPcmb1VlofO0vnKAcsm0o/Q==",
      "dev": true,
      "license": "MIT",
      "engines": {
        "node": ">=12"
      }
    },
    "node_modules/ws": {
      "version": "8.21.3",
      "resolved": "https://registry.npmjs.org/ws/-/ws-8.21.3.tgz",
      "integrity": "sha512-201TZ/kPWxoPr/OKWjquZR1SWKXcvxdH+e1xrx89b3YbmzLMFCLfnaG1HFIgWzJOEWZ7MvpK++odZufgYR50Rw==",
      "dev": true,
      "license": "MIT",
      "engines": {
        "node": ">=10.0.0"
      },
      "peerDependencies": {
        "bufferutil": "^4.0.1",
        "utf-8-validate": ">=5.0.2"
      },
      "peerDependenciesMeta": {
        "bufferutil": {
          "optional": true
        },
        "utf-8-validate": {
          "optional": true
        }
      }
    },
    "node_modules/xml-utils": {
      "version": "1.10.2",
      "resolved": "https://registry.npmjs.org/xml-utils/-/xml-utils-1.10.2.tgz",
      "integrity": "sha512-RqM+2o1RYs6T8+3DzDSoTRAUfrvaejbVHcp3+thnAtDKo8LskR+HomLajEy5UjTz24rpka7AxVBRR3g2wTUkJA==",
      "dev": true,
      "license": "CC0-1.0"
    },
    "node_modules/zarrita": {
      "version": "0.7.3",
      "resolved": "https://registry.npmjs.org/zarrita/-/zarrita-0.7.3.tgz",
      "integrity": "sha512-wChTQ1Ox75INoQCzKAfLWAfB70JJ4KjdW8Sz5x4ZWrFB4Dw+YZdnxHTL0xSdsrB9EmKSeK7fS1Y+I2ibhfGbkw==",
      "dev": true,
      "license": "MIT",
      "dependencies": {
        "@zarrita/storage": "^0.2.0",
        "numcodecs": "^0.3.2"
      }
    },
    "node_modules/zstddec": {
      "version": "0.2.0",
      "resolved": "https://registry.npmjs.org/zstddec/-/zstddec-0.2.0.tgz",
      "integrity": "sha512-oyPnDa1X5c13+Y7mA/FDMNJrn4S8UNBe0KCqtDmor40Re7ALrPN6npFwyYVRRh+PqozZQdeg23QtbcamZnG5rA==",
      "dev": true,
      "license": "MIT AND BSD-3-Clause"
    }
  }
}
